
Microsoft Visual Studio Solution File, Format Version 12.00
# Visual Studio Version 16
VisualStudioVersion = 16.0.29230.47
MinimumVisualStudioVersion = 10.0.40219.1
Project("{FAE04EC0-301F-11D3-BF4B-00C04F79EFBC}") = "PacktKeyVaultAPI", "PacktKeyVaultAPI\PacktKeyVaultAPI.csproj", "{6C3DF999-8839-4ACE-87E6-28A2925C5BA3}"
EndProject
Global
	GlobalSection(SolutionConfigurationPlatforms) = preSolution
		Debug|Any CPU = Debug|Any CPU
		Release|Any CPU = Release|Any CPU
	EndGlobalSection
	GlobalSection(ProjectConfigurationPlatforms) = postSolution
		{6C3DF999-8839-4ACE-87E6-28A2925C5BA3}.Debug|Any CPU.ActiveCfg = Debug|Any CPU
		{6C3DF999-8839-4ACE-87E6-28A2925C5BA3}.Debug|Any CPU.Build.0 = Debug|Any CPU
		{6C3DF999-8839-4ACE-87E6-28A2925C5BA3}.Release|Any CPU.ActiveCfg = Release|Any CPU
		{6C3DF999-8839-4ACE-87E6-28A2925C5BA3}.Release|Any CPU.Build.0 = Release|Any CPU
	EndGlobalSection
	GlobalSection(SolutionProperties) = preSolution
		HideSolutionNode = FALSE
	EndGlobalSection
	GlobalSection(ExtensibilityGlobals) = postSolution
		SolutionGuid = {A84FFBE7-B62E-47C3-B616-B429FDD6C19E}
	EndGlobalSection
EndGlobal
