
Microsoft Visual Studio Solution File, Format Version 12.00
# Visual Studio Version 16
VisualStudioVersion = 16.0.29230.47
MinimumVisualStudioVersion = 10.0.40219.1
Project("{FAE04EC0-301F-11D3-BF4B-00C04F79EFBC}") = "PacktDataAtRest", "PacktDataAtRest\PacktDataAtRest.csproj", "{5705F046-7AB4-4BE5-8D1D-64FB428413B6}"
EndProject
Global
	GlobalSection(SolutionConfigurationPlatforms) = preSolution
		Debug|Any CPU = Debug|Any CPU
		Release|Any CPU = Release|Any CPU
	EndGlobalSection
	GlobalSection(ProjectConfigurationPlatforms) = postSolution
		{5705F046-7AB4-4BE5-8D1D-64FB428413B6}.Debug|Any CPU.ActiveCfg = Debug|Any CPU
		{5705F046-7AB4-4BE5-8D1D-64FB428413B6}.Debug|Any CPU.Build.0 = Debug|Any CPU
		{5705F046-7AB4-4BE5-8D1D-64FB428413B6}.Release|Any CPU.ActiveCfg = Release|Any CPU
		{5705F046-7AB4-4BE5-8D1D-64FB428413B6}.Release|Any CPU.Build.0 = Release|Any CPU
	EndGlobalSection
	GlobalSection(SolutionProperties) = preSolution
		HideSolutionNode = FALSE
	EndGlobalSection
	GlobalSection(ExtensibilityGlobals) = postSolution
		SolutionGuid = {4101A96C-CF07-44AA-884E-B055B29F98BD}
	EndGlobalSection
EndGlobal
